
Microsoft Visual Studio Solution File, Format Version 12.00
# Visual Studio Version 16
VisualStudioVersion = 16.0.30717.126
MinimumVisualStudioVersion = 10.0.40219.1
Project("{9A19103F-16F7-4668-BE54-9A1E7A4F7556}") = "Dag-01", "Dag-01\Dag-01.csproj", "{9B0A3082-DB16-4142-9931-5CECFED41F9C}"
EndProject
Project("{9A19103F-16F7-4668-BE54-9A1E7A4F7556}") = "Dag-02", "Dag-02\Dag-02.csproj", "{6AABE304-B202-4874-9D4E-B731BAB17C94}"
EndProject
Project("{9A19103F-16F7-4668-BE54-9A1E7A4F7556}") = "Dag-03 (Invalid)", "Dag-03\Dag-03 (Invalid).csproj", "{792487D3-FAE8-48B8-9255-350223954AC4}"
EndProject
Project("{9A19103F-16F7-4668-BE54-9A1E7A4F7556}") = "Dag-04", "Dag-04\Dag-04.csproj", "{E65063B1-678F-4F0C-8844-867B8E0A4146}"
EndProject
Project("{9A19103F-16F7-4668-BE54-9A1E7A4F7556}") = "Dag-10", "Dag-10\Dag-10.csproj", "{5F25C769-6B9C-459E-83AB-5CD925B42FAE}"
EndProject
Project("{9A19103F-16F7-4668-BE54-9A1E7A4F7556}") = "Dag-09", "Dag-09\Dag-09.csproj", "{7106F221-1E75-4643-80A9-CC5393B8761B}"
EndProject
Project("{9A19103F-16F7-4668-BE54-9A1E7A4F7556}") = "Dag-06 (Invalid)", "Dag-06\Dag-06 (Invalid).csproj", "{E633C249-B40E-47DB-9DAB-7BC3AC166BCE}"
EndProject
Project("{9A19103F-16F7-4668-BE54-9A1E7A4F7556}") = "Dag-05 (Invalid)", "Dag-05\Dag-05 (Invalid).csproj", "{CDB33603-3A80-48C4-8612-76E8933EB306}"
EndProject
Project("{9A19103F-16F7-4668-BE54-9A1E7A4F7556}") = "Dag-11", "Dag-11\Dag-11.csproj", "{F960022A-BF91-42C4-8CC6-17931805C7E3}"
EndProject
Project("{9A19103F-16F7-4668-BE54-9A1E7A4F7556}") = "Dag-12", "Dag-12\Dag-12.csproj", "{C282156F-1D42-480E-ABAD-08D4E898FAA0}"
EndProject
Project("{FAE04EC0-301F-11D3-BF4B-00C04F79EFBC}") = "Dag-13", "Dag-13\Dag-13.csproj", "{C713BFD6-0F87-4B4D-99C2-3284C4DF10E4}"
EndProject
Global
	GlobalSection(SolutionConfigurationPlatforms) = preSolution
		Debug|Any CPU = Debug|Any CPU
		Release|Any CPU = Release|Any CPU
	EndGlobalSection
	GlobalSection(ProjectConfigurationPlatforms) = postSolution
		{9B0A3082-DB16-4142-9931-5CECFED41F9C}.Debug|Any CPU.ActiveCfg = Debug|Any CPU
		{9B0A3082-DB16-4142-9931-5CECFED41F9C}.Debug|Any CPU.Build.0 = Debug|Any CPU
		{9B0A3082-DB16-4142-9931-5CECFED41F9C}.Release|Any CPU.ActiveCfg = Release|Any CPU
		{9B0A3082-DB16-4142-9931-5CECFED41F9C}.Release|Any CPU.Build.0 = Release|Any CPU
		{6AABE304-B202-4874-9D4E-B731BAB17C94}.Debug|Any CPU.ActiveCfg = Debug|Any CPU
		{6AABE304-B202-4874-9D4E-B731BAB17C94}.Debug|Any CPU.Build.0 = Debug|Any CPU
		{6AABE304-B202-4874-9D4E-B731BAB17C94}.Release|Any CPU.ActiveCfg = Release|Any CPU
		{6AABE304-B202-4874-9D4E-B731BAB17C94}.Release|Any CPU.Build.0 = Release|Any CPU
		{792487D3-FAE8-48B8-9255-350223954AC4}.Debug|Any CPU.ActiveCfg = Debug|Any CPU
		{792487D3-FAE8-48B8-9255-350223954AC4}.Debug|Any CPU.Build.0 = Debug|Any CPU
		{792487D3-FAE8-48B8-9255-350223954AC4}.Release|Any CPU.ActiveCfg = Release|Any CPU
		{792487D3-FAE8-48B8-9255-350223954AC4}.Release|Any CPU.Build.0 = Release|Any CPU
		{E65063B1-678F-4F0C-8844-867B8E0A4146}.Debug|Any CPU.ActiveCfg = Debug|Any CPU
		{E65063B1-678F-4F0C-8844-867B8E0A4146}.Debug|Any CPU.Build.0 = Debug|Any CPU
		{E65063B1-678F-4F0C-8844-867B8E0A4146}.Release|Any CPU.ActiveCfg = Release|Any CPU
		{E65063B1-678F-4F0C-8844-867B8E0A4146}.Release|Any CPU.Build.0 = Release|Any CPU
		{5F25C769-6B9C-459E-83AB-5CD925B42FAE}.Debug|Any CPU.ActiveCfg = Debug|Any CPU
		{5F25C769-6B9C-459E-83AB-5CD925B42FAE}.Debug|Any CPU.Build.0 = Debug|Any CPU
		{5F25C769-6B9C-459E-83AB-5CD925B42FAE}.Release|Any CPU.ActiveCfg = Release|Any CPU
		{5F25C769-6B9C-459E-83AB-5CD925B42FAE}.Release|Any CPU.Build.0 = Release|Any CPU
		{7106F221-1E75-4643-80A9-CC5393B8761B}.Debug|Any CPU.ActiveCfg = Debug|Any CPU
		{7106F221-1E75-4643-80A9-CC5393B8761B}.Debug|Any CPU.Build.0 = Debug|Any CPU
		{7106F221-1E75-4643-80A9-CC5393B8761B}.Release|Any CPU.ActiveCfg = Release|Any CPU
		{7106F221-1E75-4643-80A9-CC5393B8761B}.Release|Any CPU.Build.0 = Release|Any CPU
		{E633C249-B40E-47DB-9DAB-7BC3AC166BCE}.Debug|Any CPU.ActiveCfg = Debug|Any CPU
		{E633C249-B40E-47DB-9DAB-7BC3AC166BCE}.Debug|Any CPU.Build.0 = Debug|Any CPU
		{E633C249-B40E-47DB-9DAB-7BC3AC166BCE}.Release|Any CPU.ActiveCfg = Release|Any CPU
		{E633C249-B40E-47DB-9DAB-7BC3AC166BCE}.Release|Any CPU.Build.0 = Release|Any CPU
		{CDB33603-3A80-48C4-8612-76E8933EB306}.Debug|Any CPU.ActiveCfg = Debug|Any CPU
		{CDB33603-3A80-48C4-8612-76E8933EB306}.Debug|Any CPU.Build.0 = Debug|Any CPU
		{CDB33603-3A80-48C4-8612-76E8933EB306}.Release|Any CPU.ActiveCfg = Release|Any CPU
		{CDB33603-3A80-48C4-8612-76E8933EB306}.Release|Any CPU.Build.0 = Release|Any CPU
		{F960022A-BF91-42C4-8CC6-17931805C7E3}.Debug|Any CPU.ActiveCfg = Debug|Any CPU
		{F960022A-BF91-42C4-8CC6-17931805C7E3}.Debug|Any CPU.Build.0 = Debug|Any CPU
		{F960022A-BF91-42C4-8CC6-17931805C7E3}.Release|Any CPU.ActiveCfg = Release|Any CPU
		{F960022A-BF91-42C4-8CC6-17931805C7E3}.Release|Any CPU.Build.0 = Release|Any CPU
		{C282156F-1D42-480E-ABAD-08D4E898FAA0}.Debug|Any CPU.ActiveCfg = Debug|Any CPU
		{C282156F-1D42-480E-ABAD-08D4E898FAA0}.Debug|Any CPU.Build.0 = Debug|Any CPU
		{C282156F-1D42-480E-ABAD-08D4E898FAA0}.Release|Any CPU.ActiveCfg = Release|Any CPU
		{C282156F-1D42-480E-ABAD-08D4E898FAA0}.Release|Any CPU.Build.0 = Release|Any CPU
		{C713BFD6-0F87-4B4D-99C2-3284C4DF10E4}.Debug|Any CPU.ActiveCfg = Debug|Any CPU
		{C713BFD6-0F87-4B4D-99C2-3284C4DF10E4}.Debug|Any CPU.Build.0 = Debug|Any CPU
		{C713BFD6-0F87-4B4D-99C2-3284C4DF10E4}.Release|Any CPU.ActiveCfg = Release|Any CPU
		{C713BFD6-0F87-4B4D-99C2-3284C4DF10E4}.Release|Any CPU.Build.0 = Release|Any CPU
	EndGlobalSection
	GlobalSection(SolutionProperties) = preSolution
		HideSolutionNode = FALSE
	EndGlobalSection
	GlobalSection(ExtensibilityGlobals) = postSolution
		SolutionGuid = {35227234-80D4-4385-905D-E5DDFC1437CB}
	EndGlobalSection
EndGlobal
